
Microsoft Visual Studio Solution File, Format Version 12.00
# Visual Studio Version 17
VisualStudioVersion = 17.5.33209.295
MinimumVisualStudioVersion = 10.0.40219.1
Project("{54A90642-561A-4BB1-A94E-469ADEE60C69}") = "HSEPortal.Client", "HSEPortal.Client\HSEPortal.Client.esproj", "{67A47F56-E494-457C-B46F-3BD6A23429CD}"
EndProject
Project("{9A19103F-16F7-4668-BE54-9A1E7A4F7556}") = "HSEPortal.API", "HSEPortal.API\HSEPortal.API.csproj", "{E5ACD4B7-32AC-464E-94B2-13B43EB7FEF2}"
EndProject
Project("{9A19103F-16F7-4668-BE54-9A1E7A4F7556}") = "HSEPortal.API.UnitTests", "HSEPortal.API.UnitTests\HSEPortal.API.UnitTests.csproj", "{836365A3-602D-41B7-9FC6-C2257E95ED8C}"
EndProject
Project("{9A19103F-16F7-4668-BE54-9A1E7A4F7556}") = "HSEPortal.Domain", "HSEPortal.Domain\HSEPortal.Domain.csproj", "{23F4380B-8EF4-429D-B036-957F2824AC7E}"
EndProject
Project("{9A19103F-16F7-4668-BE54-9A1E7A4F7556}") = "HSEPortal.API.IntegrationTests", "HSEPortal.API.IntegrationTests\HSEPortal.API.IntegrationTests.csproj", "{15067904-3FE9-45BC-B8FE-2DBE3A8446DB}"
EndProject
Project("{9A19103F-16F7-4668-BE54-9A1E7A4F7556}") = "HSEPortal.TestingCommon", "HSEPortal.TestingCommon\HSEPortal.TestingCommon.csproj", "{F71C2E1B-ED61-4F22-A906-34F13B1E3EB2}"
EndProject
Project("{2150E333-8FDC-42A3-9474-1A3956D46DE8}") = "_SolutionItems", "_SolutionItems", "{F190BACF-80EF-438E-B36F-1F150E3B42FB}"
	ProjectSection(SolutionItems) = preProject
		readme.md = readme.md
	EndProjectSection
EndProject
Project("{2150E333-8FDC-42A3-9474-1A3956D46DE8}") = "_Infrastructure", "_Infrastructure", "{BE296ACF-1033-40F3-889E-E6D442177757}"
	ProjectSection(SolutionItems) = preProject
		infraestructure\azure-pipelines.yml = infraestructure\azure-pipelines.yml
		infraestructure\deploy.yml = infraestructure\deploy.yml
		infraestructure\main.bicep = infraestructure\main.bicep
	EndProjectSection
EndProject
Global
	GlobalSection(SolutionConfigurationPlatforms) = preSolution
		Debug|Any CPU = Debug|Any CPU
		Release|Any CPU = Release|Any CPU
	EndGlobalSection
	GlobalSection(ProjectConfigurationPlatforms) = postSolution
		{67A47F56-E494-457C-B46F-3BD6A23429CD}.Debug|Any CPU.ActiveCfg = Debug|Any CPU
		{67A47F56-E494-457C-B46F-3BD6A23429CD}.Debug|Any CPU.Build.0 = Debug|Any CPU
		{67A47F56-E494-457C-B46F-3BD6A23429CD}.Debug|Any CPU.Deploy.0 = Debug|Any CPU
		{67A47F56-E494-457C-B46F-3BD6A23429CD}.Release|Any CPU.ActiveCfg = Release|Any CPU
		{67A47F56-E494-457C-B46F-3BD6A23429CD}.Release|Any CPU.Build.0 = Release|Any CPU
		{67A47F56-E494-457C-B46F-3BD6A23429CD}.Release|Any CPU.Deploy.0 = Release|Any CPU
		{E5ACD4B7-32AC-464E-94B2-13B43EB7FEF2}.Debug|Any CPU.ActiveCfg = Debug|Any CPU
		{E5ACD4B7-32AC-464E-94B2-13B43EB7FEF2}.Debug|Any CPU.Build.0 = Debug|Any CPU
		{E5ACD4B7-32AC-464E-94B2-13B43EB7FEF2}.Release|Any CPU.ActiveCfg = Release|Any CPU
		{E5ACD4B7-32AC-464E-94B2-13B43EB7FEF2}.Release|Any CPU.Build.0 = Release|Any CPU
		{836365A3-602D-41B7-9FC6-C2257E95ED8C}.Debug|Any CPU.ActiveCfg = Debug|Any CPU
		{836365A3-602D-41B7-9FC6-C2257E95ED8C}.Debug|Any CPU.Build.0 = Debug|Any CPU
		{836365A3-602D-41B7-9FC6-C2257E95ED8C}.Release|Any CPU.ActiveCfg = Release|Any CPU
		{836365A3-602D-41B7-9FC6-C2257E95ED8C}.Release|Any CPU.Build.0 = Release|Any CPU
		{23F4380B-8EF4-429D-B036-957F2824AC7E}.Debug|Any CPU.ActiveCfg = Debug|Any CPU
		{23F4380B-8EF4-429D-B036-957F2824AC7E}.Debug|Any CPU.Build.0 = Debug|Any CPU
		{23F4380B-8EF4-429D-B036-957F2824AC7E}.Release|Any CPU.ActiveCfg = Release|Any CPU
		{23F4380B-8EF4-429D-B036-957F2824AC7E}.Release|Any CPU.Build.0 = Release|Any CPU
		{15067904-3FE9-45BC-B8FE-2DBE3A8446DB}.Debug|Any CPU.ActiveCfg = Debug|Any CPU
		{15067904-3FE9-45BC-B8FE-2DBE3A8446DB}.Debug|Any CPU.Build.0 = Debug|Any CPU
		{15067904-3FE9-45BC-B8FE-2DBE3A8446DB}.Release|Any CPU.ActiveCfg = Release|Any CPU
		{15067904-3FE9-45BC-B8FE-2DBE3A8446DB}.Release|Any CPU.Build.0 = Release|Any CPU
		{F71C2E1B-ED61-4F22-A906-34F13B1E3EB2}.Debug|Any CPU.ActiveCfg = Debug|Any CPU
		{F71C2E1B-ED61-4F22-A906-34F13B1E3EB2}.Debug|Any CPU.Build.0 = Debug|Any CPU
		{F71C2E1B-ED61-4F22-A906-34F13B1E3EB2}.Release|Any CPU.ActiveCfg = Release|Any CPU
		{F71C2E1B-ED61-4F22-A906-34F13B1E3EB2}.Release|Any CPU.Build.0 = Release|Any CPU
	EndGlobalSection
	GlobalSection(SolutionProperties) = preSolution
		HideSolutionNode = FALSE
	EndGlobalSection
	GlobalSection(ExtensibilityGlobals) = postSolution
		SolutionGuid = {A64ECE29-6CEF-432E-BA10-B0B10904311F}
	EndGlobalSection
EndGlobal
